// !$*UTF8*$!
{
	archiveVersion = 1;
	classes = {
	};
	objectVersion = 51;
	objects = {

/* Begin PBXBuildFile section */
		35F02C361E96BD05F633D085 /* Pods_CodeChallenge.framework in Frameworks */ = {isa = PBXBuildFile; fileRef = B94765B46812D3777FA34348 /* Pods_CodeChallenge.framework */; };
		53C1850E89C5929A6EFCA930 /* Pods_CodeChallenge_CodeChallengeUITests.framework in Frameworks */ = {isa = PBXBuildFile; fileRef = B72151DE3849CC19501A160D /* Pods_CodeChallenge_CodeChallengeUITests.framework */; };
		61355F40253536200086905A /* AppDelegate.swift in Sources */ = {isa = PBXBuildFile; fileRef = 61355F3F253536200086905A /* AppDelegate.swift */; };
		61355F49253536220086905A /* Assets.xcassets in Resources */ = {isa = PBXBuildFile; fileRef = 61355F48253536220086905A /* Assets.xcassets */; };
		61355F4C253536220086905A /* LaunchScreen.storyboard in Resources */ = {isa = PBXBuildFile; fileRef = 61355F4A253536220086905A /* LaunchScreen.storyboard */; };
		61355F57253536220086905A /* CodeChallengeTests.swift in Sources */ = {isa = PBXBuildFile; fileRef = 61355F56253536220086905A /* CodeChallengeTests.swift */; };
		61355F62253536220086905A /* CodeChallengeUITests.swift in Sources */ = {isa = PBXBuildFile; fileRef = 61355F61253536220086905A /* CodeChallengeUITests.swift */; };
		61355F762535371B0086905A /* DataModel.swift in Sources */ = {isa = PBXBuildFile; fileRef = 61355F752535371B0086905A /* DataModel.swift */; };
		61355F7A253537280086905A /* Constants.swift in Sources */ = {isa = PBXBuildFile; fileRef = 61355F77253537270086905A /* Constants.swift */; };
		61355F7B253537280086905A /* ImageViewExtension.swift in Sources */ = {isa = PBXBuildFile; fileRef = 61355F78253537270086905A /* ImageViewExtension.swift */; };
		61355F7C253537280086905A /* ViewControllerExtension.swift in Sources */ = {isa = PBXBuildFile; fileRef = 61355F79253537270086905A /* ViewControllerExtension.swift */; };
		61355F7F253537340086905A /* DataTableViewController.swift in Sources */ = {isa = PBXBuildFile; fileRef = 61355F7D253537340086905A /* DataTableViewController.swift */; };
		61355F80253537340086905A /* CustomTableViewCell.swift in Sources */ = {isa = PBXBuildFile; fileRef = 61355F7E253537340086905A /* CustomTableViewCell.swift */; };
		61355F82253537420086905A /* DataViewModel.swift in Sources */ = {isa = PBXBuildFile; fileRef = 61355F81253537420086905A /* DataViewModel.swift */; };
		61355F842535374B0086905A /* NetworkManager.swift in Sources */ = {isa = PBXBuildFile; fileRef = 61355F832535374B0086905A /* NetworkManager.swift */; };
		78256368E8CC8A9BCE74F3DE /* Pods_CodeChallengeTests.framework in Frameworks */ = {isa = PBXBuildFile; fileRef = 26403065CDC296C3D26F0C5A /* Pods_CodeChallengeTests.framework */; };
/* End PBXBuildFile section */

/* Begin PBXContainerItemProxy section */
		61355F53253536220086905A /* PBXContainerItemProxy */ = {
			isa = PBXContainerItemProxy;
			containerPortal = 61355F34253536200086905A /* Project object */;
			proxyType = 1;
			remoteGlobalIDString = 61355F3B253536200086905A;
			remoteInfo = CodeChallenge;
		};
		61355F5E253536220086905A /* PBXContainerItemProxy */ = {
			isa = PBXContainerItemProxy;
			containerPortal = 61355F34253536200086905A /* Project object */;
			proxyType = 1;
			remoteGlobalIDString = 61355F3B253536200086905A;
			remoteInfo = CodeChallenge;
		};
/* End PBXContainerItemProxy section */

/* Begin PBXFileReference section */
		26403065CDC296C3D26F0C5A /* Pods_CodeChallengeTests.framework */ = {isa = PBXFileReference; explicitFileType = wrapper.framework; includeInIndex = 0; path = Pods_CodeChallengeTests.framework; sourceTree = BUILT_PRODUCTS_DIR; };
		4B80773B32D49376336FB31D /* Pods-CodeChallenge-CodeChallengeUITests.release.xcconfig */ = {isa = PBXFileReference; includeInIndex = 1; lastKnownFileType = text.xcconfig; name = "Pods-CodeChallenge-CodeChallengeUITests.release.xcconfig"; path = "Target Support Files/Pods-CodeChallenge-CodeChallengeUITests/Pods-CodeChallenge-CodeChallengeUITests.release.xcconfig"; sourceTree = "<group>"; };
		61355F3C253536200086905A /* CodeChallenge.app */ = {isa = PBXFileReference; explicitFileType = wrapper.application; includeInIndex = 0; path = CodeChallenge.app; sourceTree = BUILT_PRODUCTS_DIR; };
		61355F3F253536200086905A /* AppDelegate.swift */ = {isa = PBXFileReference; lastKnownFileType = sourcecode.swift; path = AppDelegate.swift; sourceTree = "<group>"; };
		61355F48253536220086905A /* Assets.xcassets */ = {isa = PBXFileReference; lastKnownFileType = folder.assetcatalog; path = Assets.xcassets; sourceTree = "<group>"; };
		61355F4B253536220086905A /* Base */ = {isa = PBXFileReference; lastKnownFileType = file.storyboard; name = Base; path = Base.lproj/LaunchScreen.storyboard; sourceTree = "<group>"; };
		61355F4D253536220086905A /* Info.plist */ = {isa = PBXFileReference; lastKnownFileType = text.plist.xml; path = Info.plist; sourceTree = "<group>"; };
		61355F52253536220086905A /* CodeChallengeTests.xctest */ = {isa = PBXFileReference; explicitFileType = wrapper.cfbundle; includeInIndex = 0; path = CodeChallengeTests.xctest; sourceTree = BUILT_PRODUCTS_DIR; };
		61355F56253536220086905A /* CodeChallengeTests.swift */ = {isa = PBXFileReference; lastKnownFileType = sourcecode.swift; path = CodeChallengeTests.swift; sourceTree = "<group>"; };
		61355F58253536220086905A /* Info.plist */ = {isa = PBXFileReference; lastKnownFileType = text.plist.xml; path = Info.plist; sourceTree = "<group>"; };
		61355F5D253536220086905A /* CodeChallengeUITests.xctest */ = {isa = PBXFileReference; explicitFileType = wrapper.cfbundle; includeInIndex = 0; path = CodeChallengeUITests.xctest; sourceTree = BUILT_PRODUCTS_DIR; };
		61355F61253536220086905A /* CodeChallengeUITests.swift */ = {isa = PBXFileReference; lastKnownFileType = sourcecode.swift; path = CodeChallengeUITests.swift; sourceTree = "<group>"; };
		61355F63253536220086905A /* Info.plist */ = {isa = PBXFileReference; lastKnownFileType = text.plist.xml; path = Info.plist; sourceTree = "<group>"; };
		61355F752535371B0086905A /* DataModel.swift */ = {isa = PBXFileReference; fileEncoding = 4; lastKnownFileType = sourcecode.swift; path = DataModel.swift; sourceTree = "<group>"; };
		61355F77253537270086905A /* Constants.swift */ = {isa = PBXFileReference; fileEncoding = 4; lastKnownFileType = sourcecode.swift; path = Constants.swift; sourceTree = "<group>"; };
		61355F78253537270086905A /* ImageViewExtension.swift */ = {isa = PBXFileReference; fileEncoding = 4; lastKnownFileType = sourcecode.swift; path = ImageViewExtension.swift; sourceTree = "<group>"; };
		61355F79253537270086905A /* ViewControllerExtension.swift */ = {isa = PBXFileReference; fileEncoding = 4; lastKnownFileType = sourcecode.swift; path = ViewControllerExtension.swift; sourceTree = "<group>"; };
		61355F7D253537340086905A /* DataTableViewController.swift */ = {isa = PBXFileReference; fileEncoding = 4; lastKnownFileType = sourcecode.swift; path = DataTableViewController.swift; sourceTree = "<group>"; };
		61355F7E253537340086905A /* CustomTableViewCell.swift */ = {isa = PBXFileReference; fileEncoding = 4; lastKnownFileType = sourcecode.swift; path = CustomTableViewCell.swift; sourceTree = "<group>"; };
		61355F81253537420086905A /* DataViewModel.swift */ = {isa = PBXFileReference; fileEncoding = 4; lastKnownFileType = sourcecode.swift; path = DataViewModel.swift; sourceTree = "<group>"; };
		61355F832535374B0086905A /* NetworkManager.swift */ = {isa = PBXFileReference; fileEncoding = 4; lastKnownFileType = sourcecode.swift; path = NetworkManager.swift; sourceTree = "<group>"; };
		6FFBFD3DA32969DB555F275F /* Pods-CodeChallenge.debug.xcconfig */ = {isa = PBXFileReference; includeInIndex = 1; lastKnownFileType = text.xcconfig; name = "Pods-CodeChallenge.debug.xcconfig"; path = "Target Support Files/Pods-CodeChallenge/Pods-CodeChallenge.debug.xcconfig"; sourceTree = "<group>"; };
		846C01AAEE553EC9BB28C534 /* Pods-CodeChallengeTests.debug.xcconfig */ = {isa = PBXFileReference; includeInIndex = 1; lastKnownFileType = text.xcconfig; name = "Pods-CodeChallengeTests.debug.xcconfig"; path = "Target Support Files/Pods-CodeChallengeTests/Pods-CodeChallengeTests.debug.xcconfig"; sourceTree = "<group>"; };
		953064AF6318BBD071CFB676 /* Pods-CodeChallenge-CodeChallengeUITests.debug.xcconfig */ = {isa = PBXFileReference; includeInIndex = 1; lastKnownFileType = text.xcconfig; name = "Pods-CodeChallenge-CodeChallengeUITests.debug.xcconfig"; path = "Target Support Files/Pods-CodeChallenge-CodeChallengeUITests/Pods-CodeChallenge-CodeChallengeUITests.debug.xcconfig"; sourceTree = "<group>"; };
		99DBE7FF269F005BFC191CE0 /* Pods-CodeChallengeTests.release.xcconfig */ = {isa = PBXFileReference; includeInIndex = 1; lastKnownFileType = text.xcconfig; name = "Pods-CodeChallengeTests.release.xcconfig"; path = "Target Support Files/Pods-CodeChallengeTests/Pods-CodeChallengeTests.release.xcconfig"; sourceTree = "<group>"; };
		9DF039B1520B12623CAA815B /* Pods-CodeChallenge.release.xcconfig */ = {isa = PBXFileReference; includeInIndex = 1; lastKnownFileType = text.xcconfig; name = "Pods-CodeChallenge.release.xcconfig"; path = "Target Support Files/Pods-CodeChallenge/Pods-CodeChallenge.release.xcconfig"; sourceTree = "<group>"; };
		B72151DE3849CC19501A160D /* Pods_CodeChallenge_CodeChallengeUITests.framework */ = {isa = PBXFileReference; explicitFileType = wrapper.framework; includeInIndex = 0; path = Pods_CodeChallenge_CodeChallengeUITests.framework; sourceTree = BUILT_PRODUCTS_DIR; };
		B94765B46812D3777FA34348 /* Pods_CodeChallenge.framework */ = {isa = PBXFileReference; explicitFileType = wrapper.framework; includeInIndex = 0; path = Pods_CodeChallenge.framework; sourceTree = BUILT_PRODUCTS_DIR; };
/* End PBXFileReference section */

/* Begin PBXFrameworksBuildPhase section */
		61355F39253536200086905A /* Frameworks */ = {
			isa = PBXFrameworksBuildPhase;
			buildActionMask = 2147483647;
			files = (
				35F02C361E96BD05F633D085 /* Pods_CodeChallenge.framework in Frameworks */,
			);
			runOnlyForDeploymentPostprocessing = 0;
		};
		61355F4F253536220086905A /* Frameworks */ = {
			isa = PBXFrameworksBuildPhase;
			buildActionMask = 2147483647;
			files = (
				78256368E8CC8A9BCE74F3DE /* Pods_CodeChallengeTests.framework in Frameworks */,
			);
			runOnlyForDeploymentPostprocessing = 0;
		};
		61355F5A253536220086905A /* Frameworks */ = {
			isa = PBXFrameworksBuildPhase;
			buildActionMask = 2147483647;
			files = (
				53C1850E89C5929A6EFCA930 /* Pods_CodeChallenge_CodeChallengeUITests.framework in Frameworks */,
			);
			runOnlyForDeploymentPostprocessing = 0;
		};
/* End PBXFrameworksBuildPhase section */

/* Begin PBXGroup section */
		61355F33253536200086905A = {
			isa = PBXGroup;
			children = (
				61355F3E253536200086905A /* CodeChallenge */,
				61355F55253536220086905A /* CodeChallengeTests */,
				61355F60253536220086905A /* CodeChallengeUITests */,
				61355F3D253536200086905A /* Products */,
				9C74308599B5F4F5C7F59785 /* Pods */,
				B42C88472D7692C433B2F38F /* Frameworks */,
			);
			sourceTree = "<group>";
		};
		61355F3D253536200086905A /* Products */ = {
			isa = PBXGroup;
			children = (
				61355F3C253536200086905A /* CodeChallenge.app */,
				61355F52253536220086905A /* CodeChallengeTests.xctest */,
				61355F5D253536220086905A /* CodeChallengeUITests.xctest */,
			);
			name = Products;
			sourceTree = "<group>";
		};
		61355F3E253536200086905A /* CodeChallenge */ = {
			isa = PBXGroup;
			children = (
				61355F74253537050086905A /* Model */,
				61355F73253537000086905A /* View */,
				61355F72253536F20086905A /* ViewModel */,
				61355F71253536EB0086905A /* Service */,
				61355F70253536E30086905A /* Utilities */,
				61355F3F253536200086905A /* AppDelegate.swift */,
				61355F48253536220086905A /* Assets.xcassets */,
				61355F4A253536220086905A /* LaunchScreen.storyboard */,
				61355F4D253536220086905A /* Info.plist */,
			);
			path = CodeChallenge;
			sourceTree = "<group>";
		};
		61355F55253536220086905A /* CodeChallengeTests */ = {
			isa = PBXGroup;
			children = (
				61355F56253536220086905A /* CodeChallengeTests.swift */,
				61355F58253536220086905A /* Info.plist */,
			);
			path = CodeChallengeTests;
			sourceTree = "<group>";
		};
		61355F60253536220086905A /* CodeChallengeUITests */ = {
			isa = PBXGroup;
			children = (
				61355F61253536220086905A /* CodeChallengeUITests.swift */,
				61355F63253536220086905A /* Info.plist */,
			);
			path = CodeChallengeUITests;
			sourceTree = "<group>";
		};
		61355F70253536E30086905A /* Utilities */ = {
			isa = PBXGroup;
			children = (
				61355F77253537270086905A /* Constants.swift */,
				61355F78253537270086905A /* ImageViewExtension.swift */,
				61355F79253537270086905A /* ViewControllerExtension.swift */,
			);
			path = Utilities;
			sourceTree = "<group>";
		};
		61355F71253536EB0086905A /* Service */ = {
			isa = PBXGroup;
			children = (
				61355F832535374B0086905A /* NetworkManager.swift */,
			);
			path = Service;
			sourceTree = "<group>";
		};
		61355F72253536F20086905A /* ViewModel */ = {
			isa = PBXGroup;
			children = (
				61355F81253537420086905A /* DataViewModel.swift */,
			);
			path = ViewModel;
			sourceTree = "<group>";
		};
		61355F73253537000086905A /* View */ = {
			isa = PBXGroup;
			children = (
				61355F7E253537340086905A /* CustomTableViewCell.swift */,
				61355F7D253537340086905A /* DataTableViewController.swift */,
			);
			path = View;
			sourceTree = "<group>";
		};
		61355F74253537050086905A /* Model */ = {
			isa = PBXGroup;
			children = (
				61355F752535371B0086905A /* DataModel.swift */,
			);
			path = Model;
			sourceTree = "<group>";
		};
		9C74308599B5F4F5C7F59785 /* Pods */ = {
			isa = PBXGroup;
			children = (
				6FFBFD3DA32969DB555F275F /* Pods-CodeChallenge.debug.xcconfig */,
				9DF039B1520B12623CAA815B /* Pods-CodeChallenge.release.xcconfig */,
				953064AF6318BBD071CFB676 /* Pods-CodeChallenge-CodeChallengeUITests.debug.xcconfig */,
				4B80773B32D49376336FB31D /* Pods-CodeChallenge-CodeChallengeUITests.release.xcconfig */,
				846C01AAEE553EC9BB28C534 /* Pods-CodeChallengeTests.debug.xcconfig */,
				99DBE7FF269F005BFC191CE0 /* Pods-CodeChallengeTests.release.xcconfig */,
			);
			path = Pods;
			sourceTree = "<group>";
		};
		B42C88472D7692C433B2F38F /* Frameworks */ = {
			isa = PBXGroup;
			children = (
				B94765B46812D3777FA34348 /* Pods_CodeChallenge.framework */,
				B72151DE3849CC19501A160D /* Pods_CodeChallenge_CodeChallengeUITests.framework */,
				26403065CDC296C3D26F0C5A /* Pods_CodeChallengeTests.framework */,
			);
			name = Frameworks;
			sourceTree = "<group>";
		};
/* End PBXGroup section */

/* Begin PBXNativeTarget section */
		61355F3B253536200086905A /* CodeChallenge */ = {
			isa = PBXNativeTarget;
			buildConfigurationList = 61355F66253536220086905A /* Build configuration list for PBXNativeTarget "CodeChallenge" */;
			buildPhases = (
				4181EBD1ABAB9FB9FBF34436 /* [CP] Check Pods Manifest.lock */,
				61355F38253536200086905A /* Sources */,
				61355F39253536200086905A /* Frameworks */,
				61355F3A253536200086905A /* Resources */,
				997358C87387D61457039B6F /* [CP] Embed Pods Frameworks */,
				61355F85253538820086905A /* ShellScript */,
			);
			buildRules = (
			);
			dependencies = (
			);
			name = CodeChallenge;
			productName = CodeChallenge;
			productReference = 61355F3C253536200086905A /* CodeChallenge.app */;
			productType = "com.apple.product-type.application";
		};
		61355F51253536220086905A /* CodeChallengeTests */ = {
			isa = PBXNativeTarget;
			buildConfigurationList = 61355F69253536220086905A /* Build configuration list for PBXNativeTarget "CodeChallengeTests" */;
			buildPhases = (
				530E7EFEDC612F9DBBC603C8 /* [CP] Check Pods Manifest.lock */,
				61355F4E253536220086905A /* Sources */,
				61355F4F253536220086905A /* Frameworks */,
				61355F50253536220086905A /* Resources */,
			);
			buildRules = (
			);
			dependencies = (
				61355F54253536220086905A /* PBXTargetDependency */,
			);
			name = CodeChallengeTests;
			productName = CodeChallengeTests;
			productReference = 61355F52253536220086905A /* CodeChallengeTests.xctest */;
			productType = "com.apple.product-type.bundle.unit-test";
		};
		61355F5C253536220086905A /* CodeChallengeUITests */ = {
			isa = PBXNativeTarget;
			buildConfigurationList = 61355F6C253536220086905A /* Build configuration list for PBXNativeTarget "CodeChallengeUITests" */;
			buildPhases = (
				64E280778192C544C18362F2 /* [CP] Check Pods Manifest.lock */,
				61355F59253536220086905A /* Sources */,
				61355F5A253536220086905A /* Frameworks */,
				61355F5B253536220086905A /* Resources */,
				6D5C9DDFC525BC066CCC7460 /* [CP] Embed Pods Frameworks */,
			);
			buildRules = (
			);
			dependencies = (
				61355F5F253536220086905A /* PBXTargetDependency */,
			);
			name = CodeChallengeUITests;
			productName = CodeChallengeUITests;
			productReference = 61355F5D253536220086905A /* CodeChallengeUITests.xctest */;
			productType = "com.apple.product-type.bundle.ui-testing";
		};
/* End PBXNativeTarget section */

/* Begin PBXProject section */
		61355F34253536200086905A /* Project object */ = {
			isa = PBXProject;
			attributes = {
				LastSwiftUpdateCheck = 1170;
				LastUpgradeCheck = 1170;
				ORGANIZATIONNAME = Tmobile;
				TargetAttributes = {
					61355F3B253536200086905A = {
						CreatedOnToolsVersion = 11.7;
					};
					61355F51253536220086905A = {
						CreatedOnToolsVersion = 11.7;
						TestTargetID = 61355F3B253536200086905A;
					};
					61355F5C253536220086905A = {
						CreatedOnToolsVersion = 11.7;
						TestTargetID = 61355F3B253536200086905A;
					};
				};
			};
			buildConfigurationList = 61355F37253536200086905A /* Build configuration list for PBXProject "CodeChallenge" */;
			compatibilityVersion = "Xcode 9.3";
			developmentRegion = en;
			hasScannedForEncodings = 0;
			knownRegions = (
				en,
				Base,
			);
			mainGroup = 61355F33253536200086905A;
			productRefGroup = 61355F3D253536200086905A /* Products */;
			projectDirPath = "";
			projectRoot = "";
			targets = (
				61355F3B253536200086905A /* CodeChallenge */,
				61355F51253536220086905A /* CodeChallengeTests */,
				61355F5C253536220086905A /* CodeChallengeUITests */,
			);
		};
/* End PBXProject section */

/* Begin PBXResourcesBuildPhase section */
		61355F3A253536200086905A /* Resources */ = {
			isa = PBXResourcesBuildPhase;
			buildActionMask = 2147483647;
			files = (
				61355F4C253536220086905A /* LaunchScreen.storyboard in Resources */,
				61355F49253536220086905A /* Assets.xcassets in Resources */,
			);
			runOnlyForDeploymentPostprocessing = 0;
		};
		61355F50253536220086905A /* Resources */ = {
			isa = PBXResourcesBuildPhase;
			buildActionMask = 2147483647;
			files = (
			);
			runOnlyForDeploymentPostprocessing = 0;
		};
		61355F5B253536220086905A /* Resources */ = {
			isa = PBXResourcesBuildPhase;
			buildActionMask = 2147483647;
			files = (
			);
			runOnlyForDeploymentPostprocessing = 0;
		};
/* End PBXResourcesBuildPhase section */

/* Begin PBXShellScriptBuildPhase section */
		4181EBD1ABAB9FB9FBF34436 /* [CP] Check Pods Manifest.lock */ = {
			isa = PBXShellScriptBuildPhase;
			buildActionMask = 2147483647;
			files = (
			);
			inputFileListPaths = (
			);
			inputPaths = (
				"${PODS_PODFILE_DIR_PATH}/Podfile.lock",
				"${PODS_ROOT}/Manifest.lock",
			);
			name = "[CP] Check Pods Manifest.lock";
			outputFileListPaths = (
			);
			outputPaths = (
				"$(DERIVED_FILE_DIR)/Pods-CodeChallenge-checkManifestLockResult.txt",
			);
			runOnlyForDeploymentPostprocessing = 0;
			shellPath = /bin/sh;
			shellScript = "diff \"${PODS_PODFILE_DIR_PATH}/Podfile.lock\" \"${PODS_ROOT}/Manifest.lock\" > /dev/null\nif [ $? != 0 ] ; then\n    # print error to STDERR\n    echo \"error: The sandbox is not in sync with the Podfile.lock. Run 'pod install' or update your CocoaPods installation.\" >&2\n    exit 1\nfi\n# This output is used by Xcode 'outputs' to avoid re-running this script phase.\necho \"SUCCESS\" > \"${SCRIPT_OUTPUT_FILE_0}\"\n";
			showEnvVarsInLog = 0;
		};
		530E7EFEDC612F9DBBC603C8 /* [CP] Check Pods Manifest.lock */ = {
			isa = PBXShellScriptBuildPhase;
			buildActionMask = 2147483647;
			files = (
			);
			inputFileListPaths = (
			);
			inputPaths = (
				"${PODS_PODFILE_DIR_PATH}/Podfile.lock",
				"${PODS_ROOT}/Manifest.lock",
			);
			name = "[CP] Check Pods Manifest.lock";
			outputFileListPaths = (
			);
			outputPaths = (
				"$(DERIVED_FILE_DIR)/Pods-CodeChallengeTests-checkManifestLockResult.txt",
			);
			runOnlyForDeploymentPostprocessing = 0;
			shellPath = /bin/sh;
			shellScript = "diff \"${PODS_PODFILE_DIR_PATH}/Podfile.lock\" \"${PODS_ROOT}/Manifest.lock\" > /dev/null\nif [ $? != 0 ] ; then\n    # print error to STDERR\n    echo \"error: The sandbox is not in sync with the Podfile.lock. Run 'pod install' or update your CocoaPods installation.\" >&2\n    exit 1\nfi\n# This output is used by Xcode 'outputs' to avoid re-running this script phase.\necho \"SUCCESS\" > \"${SCRIPT_OUTPUT_FILE_0}\"\n";
			showEnvVarsInLog = 0;
		};
		61355F85253538820086905A /* ShellScript */ = {
			isa = PBXShellScriptBuildPhase;
			buildActionMask = 2147483647;
			files = (
			);
			inputFileListPaths = (
			);
			inputPaths = (
			);
			outputFileListPaths = (
			);
			outputPaths = (
			);
			runOnlyForDeploymentPostprocessing = 0;
			shellPath = /bin/sh;
			shellScript = "\"${PODS_ROOT}/SwiftLint/swiftlint\"\n";
		};
		64E280778192C544C18362F2 /* [CP] Check Pods Manifest.lock */ = {
			isa = PBXShellScriptBuildPhase;
			buildActionMask = 2147483647;
			files = (
			);
			inputFileListPaths = (
			);
			inputPaths = (
				"${PODS_PODFILE_DIR_PATH}/Podfile.lock",
				"${PODS_ROOT}/Manifest.lock",
			);
			name = "[CP] Check Pods Manifest.lock";
			outputFileListPaths = (
			);
			outputPaths = (
				"$(DERIVED_FILE_DIR)/Pods-CodeChallenge-CodeChallengeUITests-checkManifestLockResult.txt",
			);
			runOnlyForDeploymentPostprocessing = 0;
			shellPath = /bin/sh;
			shellScript = "diff \"${PODS_PODFILE_DIR_PATH}/Podfile.lock\" \"${PODS_ROOT}/Manifest.lock\" > /dev/null\nif [ $? != 0 ] ; then\n    # print error to STDERR\n    echo \"error: The sandbox is not in sync with the Podfile.lock. Run 'pod install' or update your CocoaPods installation.\" >&2\n    exit 1\nfi\n# This output is used by Xcode 'outputs' to avoid re-running this script phase.\necho \"SUCCESS\" > \"${SCRIPT_OUTPUT_FILE_0}\"\n";
			showEnvVarsInLog = 0;
		};
		6D5C9DDFC525BC066CCC7460 /* [CP] Embed Pods Frameworks */ = {
			isa = PBXShellScriptBuildPhase;
			buildActionMask = 2147483647;
			files = (
			);
			inputFileListPaths = (
				"${PODS_ROOT}/Target Support Files/Pods-CodeChallenge-CodeChallengeUITests/Pods-CodeChallenge-CodeChallengeUITests-frameworks-${CONFIGURATION}-input-files.xcfilelist",
			);
			name = "[CP] Embed Pods Frameworks";
			outputFileListPaths = (
				"${PODS_ROOT}/Target Support Files/Pods-CodeChallenge-CodeChallengeUITests/Pods-CodeChallenge-CodeChallengeUITests-frameworks-${CONFIGURATION}-output-files.xcfilelist",
			);
			runOnlyForDeploymentPostprocessing = 0;
			shellPath = /bin/sh;
			shellScript = "\"${PODS_ROOT}/Target Support Files/Pods-CodeChallenge-CodeChallengeUITests/Pods-CodeChallenge-CodeChallengeUITests-frameworks.sh\"\n";
			showEnvVarsInLog = 0;
		};
		997358C87387D61457039B6F /* [CP] Embed Pods Frameworks */ = {
			isa = PBXShellScriptBuildPhase;
			buildActionMask = 2147483647;
			files = (
			);
			inputFileListPaths = (
				"${PODS_ROOT}/Target Support Files/Pods-CodeChallenge/Pods-CodeChallenge-frameworks-${CONFIGURATION}-input-files.xcfilelist",
			);
			name = "[CP] Embed Pods Frameworks";
			outputFileListPaths = (
				"${PODS_ROOT}/Target Support Files/Pods-CodeChallenge/Pods-CodeChallenge-frameworks-${CONFIGURATION}-output-files.xcfilelist",
			);
			runOnlyForDeploymentPostprocessing = 0;
			shellPath = /bin/sh;
			shellScript = "\"${PODS_ROOT}/Target Support Files/Pods-CodeChallenge/Pods-CodeChallenge-frameworks.sh\"\n";
			showEnvVarsInLog = 0;
		};
/* End PBXShellScriptBuildPhase section */

/* Begin PBXSourcesBuildPhase section */
		61355F38253536200086905A /* Sources */ = {
			isa = PBXSourcesBuildPhase;
			buildActionMask = 2147483647;
			files = (
				61355F40253536200086905A /* AppDelegate.swift in Sources */,
				61355F842535374B0086905A /* NetworkManager.swift in Sources */,
				61355F82253537420086905A /* DataViewModel.swift in Sources */,
				61355F80253537340086905A /* CustomTableViewCell.swift in Sources */,
				61355F7C253537280086905A /* ViewControllerExtension.swift in Sources */,
				61355F7B253537280086905A /* ImageViewExtension.swift in Sources */,
				61355F762535371B0086905A /* DataModel.swift in Sources */,
				61355F7F253537340086905A /* DataTableViewController.swift in Sources */,
				61355F7A253537280086905A /* Constants.swift in Sources */,
			);
			runOnlyForDeploymentPostprocessing = 0;
		};
		61355F4E253536220086905A /* Sources */ = {
			isa = PBXSourcesBuildPhase;
			buildActionMask = 2147483647;
			files = (
				61355F57253536220086905A /* CodeChallengeTests.swift in Sources */,
			);
			runOnlyForDeploymentPostprocessing = 0;
		};
		61355F59253536220086905A /* Sources */ = {
			isa = PBXSourcesBuildPhase;
			buildActionMask = 2147483647;
			files = (
				61355F62253536220086905A /* CodeChallengeUITests.swift in Sources */,
			);
			runOnlyForDeploymentPostprocessing = 0;
		};
/* End PBXSourcesBuildPhase section */

/* Begin PBXTargetDependency section */
		61355F54253536220086905A /* PBXTargetDependency */ = {
			isa = PBXTargetDependency;
			target = 61355F3B253536200086905A /* CodeChallenge */;
			targetProxy = 61355F53253536220086905A /* PBXContainerItemProxy */;
		};
		61355F5F253536220086905A /* PBXTargetDependency */ = {
			isa = PBXTargetDependency;
			target = 61355F3B253536200086905A /* CodeChallenge */;
			targetProxy = 61355F5E253536220086905A /* PBXContainerItemProxy */;
		};
/* End PBXTargetDependency section */

/* Begin PBXVariantGroup section */
		61355F4A253536220086905A /* LaunchScreen.storyboard */ = {
			isa = PBXVariantGroup;
			children = (
				61355F4B253536220086905A /* Base */,
			);
			name = LaunchScreen.storyboard;
			sourceTree = "<group>";
		};
/* End PBXVariantGroup section */

/* Begin XCBuildConfiguration section */
		61355F64253536220086905A /* Debug */ = {
			isa = XCBuildConfiguration;
			buildSettings = {
				ALWAYS_SEARCH_USER_PATHS = NO;
				CLANG_ANALYZER_NONNULL = YES;
				CLANG_ANALYZER_NUMBER_OBJECT_CONVERSION = YES_AGGRESSIVE;
				CLANG_CXX_LANGUAGE_STANDARD = "gnu++14";
				CLANG_CXX_LIBRARY = "libc++";
				CLANG_ENABLE_MODULES = YES;
				CLANG_ENABLE_OBJC_ARC = YES;
				CLANG_ENABLE_OBJC_WEAK = YES;
				CLANG_WARN_BLOCK_CAPTURE_AUTORELEASING = YES;
				CLANG_WARN_BOOL_CONVERSION = YES;
				CLANG_WARN_COMMA = YES;
				CLANG_WARN_CONSTANT_CONVERSION = YES;
				CLANG_WARN_DEPRECATED_OBJC_IMPLEMENTATIONS = YES;
				CLANG_WARN_DIRECT_OBJC_ISA_USAGE = YES_ERROR;
				CLANG_WARN_DOCUMENTATION_COMMENTS = YES;
				CLANG_WARN_EMPTY_BODY = YES;
				CLANG_WARN_ENUM_CONVERSION = YES;
				CLANG_WARN_INFINITE_RECURSION = YES;
				CLANG_WARN_INT_CONVERSION = YES;
				CLANG_WARN_NON_LITERAL_NULL_CONVERSION = YES;
				CLANG_WARN_OBJC_IMPLICIT_RETAIN_SELF = YES;
				CLANG_WARN_OBJC_LITERAL_CONVERSION = YES;
				CLANG_WARN_OBJC_ROOT_CLASS = YES_ERROR;
				CLANG_WARN_RANGE_LOOP_ANALYSIS = YES;
				CLANG_WARN_STRICT_PROTOTYPES = YES;
				CLANG_WARN_SUSPICIOUS_MOVE = YES;
				CLANG_WARN_UNGUARDED_AVAILABILITY = YES_AGGRESSIVE;
				CLANG_WARN_UNREACHABLE_CODE = YES;
				CLANG_WARN__DUPLICATE_METHOD_MATCH = YES;
				COPY_PHASE_STRIP = NO;
				DEBUG_INFORMATION_FORMAT = dwarf;
				ENABLE_STRICT_OBJC_MSGSEND = YES;
				ENABLE_TESTABILITY = YES;
				GCC_C_LANGUAGE_STANDARD = gnu11;
				GCC_DYNAMIC_NO_PIC = NO;
				GCC_NO_COMMON_BLOCKS = YES;
				GCC_OPTIMIZATION_LEVEL = 0;
				GCC_PREPROCESSOR_DEFINITIONS = (
					"DEBUG=1",
					"$(inherited)",
				);
				GCC_WARN_64_TO_32_BIT_CONVERSION = YES;
				GCC_WARN_ABOUT_RETURN_TYPE = YES_ERROR;
				GCC_WARN_UNDECLARED_SELECTOR = YES;
				GCC_WARN_UNINITIALIZED_AUTOS = YES_AGGRESSIVE;
				GCC_WARN_UNUSED_FUNCTION = YES;
				GCC_WARN_UNUSED_VARIABLE = YES;
				IPHONEOS_DEPLOYMENT_TARGET = 13.7;
				MTL_ENABLE_DEBUG_INFO = INCLUDE_SOURCE;
				MTL_FAST_MATH = YES;
				ONLY_ACTIVE_ARCH = YES;
				SDKROOT = iphoneos;
				SWIFT_ACTIVE_COMPILATION_CONDITIONS = DEBUG;
				SWIFT_OPTIMIZATION_LEVEL = "-Onone";
			};
			name = Debug;
		};
		61355F65253536220086905A /* Release */ = {
			isa = XCBuildConfiguration;
			buildSettings = {
				ALWAYS_SEARCH_USER_PATHS = NO;
				CLANG_ANALYZER_NONNULL = YES;
				CLANG_ANALYZER_NUMBER_OBJECT_CONVERSION = YES_AGGRESSIVE;
				CLANG_CXX_LANGUAGE_STANDARD = "gnu++14";
				CLANG_CXX_LIBRARY = "libc++";
				CLANG_ENABLE_MODULES = YES;
				CLANG_ENABLE_OBJC_ARC = YES;
				CLANG_ENABLE_OBJC_WEAK = YES;
				CLANG_WARN_BLOCK_CAPTURE_AUTORELEASING = YES;
				CLANG_WARN_BOOL_CONVERSION = YES;
				CLANG_WARN_COMMA = YES;
				CLANG_WARN_CONSTANT_CONVERSION = YES;
				CLANG_WARN_DEPRECATED_OBJC_IMPLEMENTATIONS = YES;
				CLANG_WARN_DIRECT_OBJC_ISA_USAGE = YES_ERROR;
				CLANG_WARN_DOCUMENTATION_COMMENTS = YES;
				CLANG_WARN_EMPTY_BODY = YES;
				CLANG_WARN_ENUM_CONVERSION = YES;
				CLANG_WARN_INFINITE_RECURSION = YES;
				CLANG_WARN_INT_CONVERSION = YES;
				CLANG_WARN_NON_LITERAL_NULL_CONVERSION = YES;
				CLANG_WARN_OBJC_IMPLICIT_RETAIN_SELF = YES;
				CLANG_WARN_OBJC_LITERAL_CONVERSION = YES;
				CLANG_WARN_OBJC_ROOT_CLASS = YES_ERROR;
				CLANG_WARN_RANGE_LOOP_ANALYSIS = YES;
				CLANG_WARN_STRICT_PROTOTYPES = YES;
				CLANG_WARN_SUSPICIOUS_MOVE = YES;
				CLANG_WARN_UNGUARDED_AVAILABILITY = YES_AGGRESSIVE;
				CLANG_WARN_UNREACHABLE_CODE = YES;
				CLANG_WARN__DUPLICATE_METHOD_MATCH = YES;
				COPY_PHASE_STRIP = NO;
				DEBUG_INFORMATION_FORMAT = "dwarf-with-dsym";
				ENABLE_NS_ASSERTIONS = NO;
				ENABLE_STRICT_OBJC_MSGSEND = YES;
				GCC_C_LANGUAGE_STANDARD = gnu11;
				GCC_NO_COMMON_BLOCKS = YES;
				GCC_WARN_64_TO_32_BIT_CONVERSION = YES;
				GCC_WARN_ABOUT_RETURN_TYPE = YES_ERROR;
				GCC_WARN_UNDECLARED_SELECTOR = YES;
				GCC_WARN_UNINITIALIZED_AUTOS = YES_AGGRESSIVE;
				GCC_WARN_UNUSED_FUNCTION = YES;
				GCC_WARN_UNUSED_VARIABLE = YES;
				IPHONEOS_DEPLOYMENT_TARGET = 13.7;
				MTL_ENABLE_DEBUG_INFO = NO;
				MTL_FAST_MATH = YES;
				SDKROOT = iphoneos;
				SWIFT_COMPILATION_MODE = wholemodule;
				SWIFT_OPTIMIZATION_LEVEL = "-O";
				VALIDATE_PRODUCT = YES;
			};
			name = Release;
		};
		61355F67253536220086905A /* Debug */ = {
			isa = XCBuildConfiguration;
			baseConfigurationReference = 6FFBFD3DA32969DB555F275F /* Pods-CodeChallenge.debug.xcconfig */;
			buildSettings = {
				ASSETCATALOG_COMPILER_APPICON_NAME = AppIcon;
				CODE_SIGN_STYLE = Automatic;
				INFOPLIST_FILE = CodeChallenge/Info.plist;
				IPHONEOS_DEPLOYMENT_TARGET = 12.0;
				LD_RUNPATH_SEARCH_PATHS = (
					"$(inherited)",
					"@executable_path/Frameworks",
				);
				PRODUCT_BUNDLE_IDENTIFIER = mvvm.CodeChallenge;
				PRODUCT_NAME = "$(TARGET_NAME)";
				SWIFT_VERSION = 5.0;
				TARGETED_DEVICE_FAMILY = "1,2";
			};
			name = Debug;
		};
		61355F68253536220086905A /* Release */ = {
			isa = XCBuildConfiguration;
			baseConfigurationReference = 9DF039B1520B12623CAA815B /* Pods-CodeChallenge.release.xcconfig */;
			buildSettings = {
				ASSETCATALOG_COMPILER_APPICON_NAME = AppIcon;
				CODE_SIGN_STYLE = Automatic;
				INFOPLIST_FILE = CodeChallenge/Info.plist;
				IPHONEOS_DEPLOYMENT_TARGET = 12.0;
				LD_RUNPATH_SEARCH_PATHS = (
					"$(inherited)",
					"@executable_path/Frameworks",
				);
				PRODUCT_BUNDLE_IDENTIFIER = mvvm.CodeChallenge;
				PRODUCT_NAME = "$(TARGET_NAME)";
				SWIFT_VERSION = 5.0;
				TARGETED_DEVICE_FAMILY = "1,2";
			};
			name = Release;
		};
		61355F6A253536220086905A /* Debug */ = {
			isa = XCBuildConfiguration;
			baseConfigurationReference = 846C01AAEE553EC9BB28C534 /* Pods-CodeChallengeTests.debug.xcconfig */;
			buildSettings = {
				ALWAYS_EMBED_SWIFT_STANDARD_LIBRARIES = YES;
				BUNDLE_LOADER = "$(TEST_HOST)";
				CODE_SIGN_STYLE = Automatic;
				INFOPLIST_FILE = CodeChallengeTests/Info.plist;
				IPHONEOS_DEPLOYMENT_TARGET = 13.7;
				LD_RUNPATH_SEARCH_PATHS = (
					"$(inherited)",
					"@executable_path/Frameworks",
					"@loader_path/Frameworks",
				);
				PRODUCT_BUNDLE_IDENTIFIER = Tmobile.CodeChallengeTests;
				PRODUCT_NAME = "$(TARGET_NAME)";
				SWIFT_VERSION = 5.0;
				TARGETED_DEVICE_FAMILY = "1,2";
				TEST_HOST = "$(BUILT_PRODUCTS_DIR)/CodeChallenge.app/CodeChallenge";
			};
			name = Debug;
		};
		61355F6B253536220086905A /* Release */ = {
			isa = XCBuildConfiguration;
			baseConfigurationReference = 99DBE7FF269F005BFC191CE0 /* Pods-CodeChallengeTests.release.xcconfig */;
			buildSettings = {
				ALWAYS_EMBED_SWIFT_STANDARD_LIBRARIES = YES;
				BUNDLE_LOADER = "$(TEST_HOST)";
				CODE_SIGN_STYLE = Automatic;
				INFOPLIST_FILE = CodeChallengeTests/Info.plist;
				IPHONEOS_DEPLOYMENT_TARGET = 13.7;
				LD_RUNPATH_SEARCH_PATHS = (
					"$(inherited)",
					"@executable_path/Frameworks",
					"@loader_path/Frameworks",
				);
				PRODUCT_BUNDLE_IDENTIFIER = Tmobile.CodeChallengeTests;
				PRODUCT_NAME = "$(TARGET_NAME)";
				SWIFT_VERSION = 5.0;
				TARGETED_DEVICE_FAMILY = "1,2";
				TEST_HOST = "$(BUILT_PRODUCTS_DIR)/CodeChallenge.app/CodeChallenge";
			};
			name = Release;
		};
		61355F6D253536220086905A /* Debug */ = {
			isa = XCBuildConfiguration;
			baseConfigurationReference = 953064AF6318BBD071CFB676 /* Pods-CodeChallenge-CodeChallengeUITests.debug.xcconfig */;
			buildSettings = {
				ALWAYS_EMBED_SWIFT_STANDARD_LIBRARIES = YES;
				CODE_SIGN_STYLE = Automatic;
				INFOPLIST_FILE = CodeChallengeUITests/Info.plist;
				LD_RUNPATH_SEARCH_PATHS = (
					"$(inherited)",
					"@executable_path/Frameworks",
					"@loader_path/Frameworks",
				);
				PRODUCT_BUNDLE_IDENTIFIER = Tmobile.CodeChallengeUITests;
				PRODUCT_NAME = "$(TARGET_NAME)";
				SWIFT_VERSION = 5.0;
				TARGETED_DEVICE_FAMILY = "1,2";
				TEST_TARGET_NAME = CodeChallenge;
			};
			name = Debug;
		};
		61355F6E253536220086905A /* Release */ = {
			isa = XCBuildConfiguration;
			baseConfigurationReference = 4B80773B32D49376336FB31D /* Pods-CodeChallenge-CodeChallengeUITests.release.xcconfig */;
			buildSettings = {
				ALWAYS_EMBED_SWIFT_STANDARD_LIBRARIES = YES;
				CODE_SIGN_STYLE = Automatic;
				INFOPLIST_FILE = CodeChallengeUITests/Info.plist;
				LD_RUNPATH_SEARCH_PATHS = (
					"$(inherited)",
					"@executable_path/Frameworks",
					"@loader_path/Frameworks",
				);
				PRODUCT_BUNDLE_IDENTIFIER = Tmobile.CodeChallengeUITests;
				PRODUCT_NAME = "$(TARGET_NAME)";
				SWIFT_VERSION = 5.0;
				TARGETED_DEVICE_FAMILY = "1,2";
				TEST_TARGET_NAME = CodeChallenge;
			};
			name = Release;
		};
/* End XCBuildConfiguration section */

/* Begin XCConfigurationList section */
		61355F37253536200086905A /* Build configuration list for PBXProject "CodeChallenge" */ = {
			isa = XCConfigurationList;
			buildConfigurations = (
				61355F64253536220086905A /* Debug */,
				61355F65253536220086905A /* Release */,
			);
			defaultConfigurationIsVisible = 0;
			defaultConfigurationName = Release;
		};
		61355F66253536220086905A /* Build configuration list for PBXNativeTarget "CodeChallenge" */ = {
			isa = XCConfigurationList;
			buildConfigurations = (
				61355F67253536220086905A /* Debug */,
				61355F68253536220086905A /* Release */,
			);
			defaultConfigurationIsVisible = 0;
			defaultConfigurationName = Release;
		};
		61355F69253536220086905A /* Build configuration list for PBXNativeTarget "CodeChallengeTests" */ = {
			isa = XCConfigurationList;
			buildConfigurations = (
				61355F6A253536220086905A /* Debug */,
				61355F6B253536220086905A /* Release */,
			);
			defaultConfigurationIsVisible = 0;
			defaultConfigurationName = Release;
		};
		61355F6C253536220086905A /* Build configuration list for PBXNativeTarget "CodeChallengeUITests" */ = {
			isa = XCConfigurationList;
			buildConfigurations = (
				61355F6D253536220086905A /* Debug */,
				61355F6E253536220086905A /* Release */,
			);
			defaultConfigurationIsVisible = 0;
			defaultConfigurationName = Release;
		};
/* End XCConfigurationList section */
	};
	rootObject = 61355F34253536200086905A /* Project object */;
}
