PODS:
  - MBProgressHUD (1.2.0)
  - ReachabilitySwift (5.0.0)
  - SwiftLint (0.40.3)

DEPENDENCIES:
  - MBProgressHUD
  - ReachabilitySwift
  - SwiftLint

SPEC REPOS:
  trunk:
    - MBProgressHUD
    - ReachabilitySwift
    - SwiftLint

SPEC CHECKSUMS:
  MBProgressHUD: 3ee5efcc380f6a79a7cc9b363dd669c5e1ae7406
  ReachabilitySwift: 985039c6f7b23a1da463388634119492ff86c825
  SwiftLint: dfd554ff0dff17288ee574814ccdd5cea85d76f7

PODFILE CHECKSUM: 2415d21a8587b633881aa374cb1b10ea8de9127d

COCOAPODS: 1.9.3
